
Microsoft Visual Studio Solution File, Format Version 12.00
# Visual Studio Version 17
VisualStudioVersion = 17.11.35312.102
MinimumVisualStudioVersion = 10.0.40219.1
Project("{8BC9CEB8-8B4A-11D0-8D11-00A0C91BC942}") = "LoadLibRev", "LoadLibRev.vcxproj", "{F78D4D16-EEE8-4263-96AF-5C4D996B6698}"
EndProject
Global
	GlobalSection(SolutionConfigurationPlatforms) = preSolution
		Debug|x64 = Debug|x64
		Debug|x86 = Debug|x86
		Release|x64 = Release|x64
		Release|x86 = Release|x86
	EndGlobalSection
	GlobalSection(ProjectConfigurationPlatforms) = postSolution
		{F78D4D16-EEE8-4263-96AF-5C4D996B6698}.Debug|x64.ActiveCfg = Debug|x64
		{F78D4D16-EEE8-4263-96AF-5C4D996B6698}.Debug|x64.Build.0 = Debug|x64
		{F78D4D16-EEE8-4263-96AF-5C4D996B6698}.Debug|x86.ActiveCfg = Debug|Win32
		{F78D4D16-EEE8-4263-96AF-5C4D996B6698}.Debug|x86.Build.0 = Debug|Win32
		{F78D4D16-EEE8-4263-96AF-5C4D996B6698}.Release|x64.ActiveCfg = Release|x64
		{F78D4D16-EEE8-4263-96AF-5C4D996B6698}.Release|x64.Build.0 = Release|x64
		{F78D4D16-EEE8-4263-96AF-5C4D996B6698}.Release|x86.ActiveCfg = Release|Win32
		{F78D4D16-EEE8-4263-96AF-5C4D996B6698}.Release|x86.Build.0 = Release|Win32
	EndGlobalSection
	GlobalSection(SolutionProperties) = preSolution
		HideSolutionNode = FALSE
	EndGlobalSection
	GlobalSection(ExtensibilityGlobals) = postSolution
		SolutionGuid = {AF2AA362-8AD8-441B-A78C-D8A4CD533858}
	EndGlobalSection
EndGlobal
